{
  "name": "@adobe/leonardo-ui",
  "version": "1.0.0",
  "lockfileVersion": 1,
  "requires": true,
  "dependencies": {
    "@spectrum-css/alert": {
      "version": "2.0.2",
      "resolved": "https://registry.npmjs.org/@spectrum-css/alert/-/alert-2.0.2.tgz",
      "integrity": "sha512-t4R3YzoGHirrMsfIgBvEQWZvovhGf+HLasMbm50kLDOlWU2RLZlkEqv3Uo+jJuWQurKATO27nr+wSxR/KGyhVQ==",
      "dev": true
    },
    "@spectrum-css/dialog": {
      "version": "2.0.2",
      "resolved": "https://registry.npmjs.org/@spectrum-css/dialog/-/dialog-2.0.2.tgz",
      "integrity": "sha512-BXftTXXwTSQxvoVnip6N28ZGYLU5d3CJ74INwZt4exY55uUGX2pac5mSMxc0hzX3I/LaR2cpfqBsQAEUszYQvQ==",
      "dev": true
    },
    "@spectrum-css/link": {
      "version": "2.0.2",
      "resolved": "https://registry.npmjs.org/@spectrum-css/link/-/link-2.0.2.tgz",
      "integrity": "sha512-XxG93Wr3N6puLuJszxz9xa+UdaO8QfX/pAl+vopPRdZsAr6LNd2dYIua6uEjF3u9/osUNuQzvFU+1drrLICtEw==",
      "dev": true
    }
  }
}
