{
  "name": "@adobe/leonardo-ui",
  "version": "1.0.0",
  "lockfileVersion": 1,
  "requires": true,
  "dependencies": {
    "@node-sass/node-module-importer": {
      "version": "1.2.3",
      "resolved": "https://registry.npmjs.org/@node-sass/node-module-importer/-/node-module-importer-1.2.3.tgz",
      "integrity": "sha512-WPnQPRfJi9cFtLLpbgw/811KUfRvcqHrE6CKTmKquxcYQugY4B6O7YpsWCw38Am6ShJHlxZIDvgSzZgn+6agvg==",
      "dev": true
    }
  }
}
