{
  "name": "@adobe/leonardo-ui",
  "version": "1.0.0",
  "lockfileVersion": 1,
  "requires": true,
  "dependencies": {
    "@spectrum-css/dialog": {
      "version": "2.0.2",
      "resolved": "https://registry.npmjs.org/@spectrum-css/dialog/-/dialog-2.0.2.tgz",
      "integrity": "sha512-BXftTXXwTSQxvoVnip6N28ZGYLU5d3CJ74INwZt4exY55uUGX2pac5mSMxc0hzX3I/LaR2cpfqBsQAEUszYQvQ=="
    }
  }
}
